
Microsoft Visual Studio Solution File, Format Version 12.00
# Visual Studio Version 16
VisualStudioVersion = 16.0.31702.278
MinimumVisualStudioVersion = 10.0.40219.1
Project("{FAE04EC0-301F-11D3-BF4B-00C04F79EFBC}") = "WebApplication1", "WebApplication1.csproj", "{2B59C1AB-DEBC-4965-A7C0-2C5E73DCB325}"
EndProject
Global
	GlobalSection(SolutionConfigurationPlatforms) = preSolution
		Debug|Any CPU = Debug|Any CPU
		Release|Any CPU = Release|Any CPU
	EndGlobalSection
	GlobalSection(ProjectConfigurationPlatforms) = postSolution
		{2B59C1AB-DEBC-4965-A7C0-2C5E73DCB325}.Debug|Any CPU.ActiveCfg = Debug|Any CPU
		{2B59C1AB-DEBC-4965-A7C0-2C5E73DCB325}.Debug|Any CPU.Build.0 = Debug|Any CPU
		{2B59C1AB-DEBC-4965-A7C0-2C5E73DCB325}.Release|Any CPU.ActiveCfg = Release|Any CPU
		{2B59C1AB-DEBC-4965-A7C0-2C5E73DCB325}.Release|Any CPU.Build.0 = Release|Any CPU
	EndGlobalSection
	GlobalSection(SolutionProperties) = preSolution
		HideSolutionNode = FALSE
	EndGlobalSection
	GlobalSection(ExtensibilityGlobals) = postSolution
		SolutionGuid = {4DC88949-865C-4928-9D9B-06B844AE806B}
	EndGlobalSection
EndGlobal
